// !$*UTF8*$!
{
	archiveVersion = 1;
	classes = {
	};
	objectVersion = 77;
	objects = {

/* Begin PBXContainerItemProxy section */
		88BBD9EA2CD78C9300CA6A3D /* PBXContainerItemProxy */ = {
			isa = PBXContainerItemProxy;
			containerPortal = 88BBD9D12CD78C9000CA6A3D /* Project object */;
			proxyType = 1;
			remoteGlobalIDString = 88BBD9D82CD78C9000CA6A3D;
			remoteInfo = RPS_game;
		};
		88BBD9F42CD78C9300CA6A3D /* PBXContainerItemProxy */ = {
			isa = PBXContainerItemProxy;
			containerPortal = 88BBD9D12CD78C9000CA6A3D /* Project object */;
			proxyType = 1;
			remoteGlobalIDString = 88BBD9D82CD78C9000CA6A3D;
			remoteInfo = RPS_game;
		};
/* End PBXContainerItemProxy section */

/* Begin PBXFileReference section */
		88BBD9D92CD78C9000CA6A3D /* RPS_game.app */ = {isa = PBXFileReference; explicitFileType = wrapper.application; includeInIndex = 0; path = RPS_game.app; sourceTree = BUILT_PRODUCTS_DIR; };
		88BBD9E92CD78C9300CA6A3D /* RPS_gameTests.xctest */ = {isa = PBXFileReference; explicitFileType = wrapper.cfbundle; includeInIndex = 0; path = RPS_gameTests.xctest; sourceTree = BUILT_PRODUCTS_DIR; };
		88BBD9F32CD78C9300CA6A3D /* RPS_gameUITests.xctest */ = {isa = PBXFileReference; explicitFileType = wrapper.cfbundle; includeInIndex = 0; path = RPS_gameUITests.xctest; sourceTree = BUILT_PRODUCTS_DIR; };
/* End PBXFileReference section */

/* Begin PBXFileSystemSynchronizedRootGroup section */
		88BBD9DB2CD78C9000CA6A3D /* RPS_game */ = {
			isa = PBXFileSystemSynchronizedRootGroup;
			path = RPS_game;
			sourceTree = "<group>";
		};
		88BBD9EC2CD78C9300CA6A3D /* RPS_gameTests */ = {
			isa = PBXFileSystemSynchronizedRootGroup;
			path = RPS_gameTests;
			sourceTree = "<group>";
		};
		88BBD9F62CD78C9300CA6A3D /* RPS_gameUITests */ = {
			isa = PBXFileSystemSynchronizedRootGroup;
			path = RPS_gameUITests;
			sourceTree = "<group>";
		};
/* End PBXFileSystemSynchronizedRootGroup section */

/* Begin PBXFrameworksBuildPhase section */
		88BBD9D62CD78C9000CA6A3D /* Frameworks */ = {
			isa = PBXFrameworksBuildPhase;
			buildActionMask = 2147483647;
			files = (
			);
			runOnlyForDeploymentPostprocessing = 0;
		};
		88BBD9E62CD78C9300CA6A3D /* Frameworks */ = {
			isa = PBXFrameworksBuildPhase;
			buildActionMask = 2147483647;
			files = (
			);
			runOnlyForDeploymentPostprocessing = 0;
		};
		88BBD9F02CD78C9300CA6A3D /* Frameworks */ = {
			isa = PBXFrameworksBuildPhase;
			buildActionMask = 2147483647;
			files = (
			);
			runOnlyForDeploymentPostprocessing = 0;
		};
/* End PBXFrameworksBuildPhase section */

/* Begin PBXGroup section */
		88BBD9D02CD78C9000CA6A3D = {
			isa = PBXGroup;
			children = (
				88BBD9DB2CD78C9000CA6A3D /* RPS_game */,
				88BBD9EC2CD78C9300CA6A3D /* RPS_gameTests */,
				88BBD9F62CD78C9300CA6A3D /* RPS_gameUITests */,
				88BBD9DA2CD78C9000CA6A3D /* Products */,
			);
			sourceTree = "<group>";
		};
		88BBD9DA2CD78C9000CA6A3D /* Products */ = {
			isa = PBXGroup;
			children = (
				88BBD9D92CD78C9000CA6A3D /* RPS_game.app */,
				88BBD9E92CD78C9300CA6A3D /* RPS_gameTests.xctest */,
				88BBD9F32CD78C9300CA6A3D /* RPS_gameUITests.xctest */,
			);
			name = Products;
			sourceTree = "<group>";
		};
/* End PBXGroup section */

/* Begin PBXNativeTarget section */
		88BBD9D82CD78C9000CA6A3D /* RPS_game */ = {
			isa = PBXNativeTarget;
			buildConfigurationList = 88BBD9FD2CD78C9300CA6A3D /* Build configuration list for PBXNativeTarget "RPS_game" */;
			buildPhases = (
				88BBD9D52CD78C9000CA6A3D /* Sources */,
				88BBD9D62CD78C9000CA6A3D /* Frameworks */,
				88BBD9D72CD78C9000CA6A3D /* Resources */,
			);
			buildRules = (
			);
			dependencies = (
			);
			fileSystemSynchronizedGroups = (
				88BBD9DB2CD78C9000CA6A3D /* RPS_game */,
			);
			name = RPS_game;
			packageProductDependencies = (
			);
			productName = RPS_game;
			productReference = 88BBD9D92CD78C9000CA6A3D /* RPS_game.app */;
			productType = "com.apple.product-type.application";
		};
		88BBD9E82CD78C9300CA6A3D /* RPS_gameTests */ = {
			isa = PBXNativeTarget;
			buildConfigurationList = 88BBDA002CD78C9300CA6A3D /* Build configuration list for PBXNativeTarget "RPS_gameTests" */;
			buildPhases = (
				88BBD9E52CD78C9300CA6A3D /* Sources */,
				88BBD9E62CD78C9300CA6A3D /* Frameworks */,
				88BBD9E72CD78C9300CA6A3D /* Resources */,
			);
			buildRules = (
			);
			dependencies = (
				88BBD9EB2CD78C9300CA6A3D /* PBXTargetDependency */,
			);
			fileSystemSynchronizedGroups = (
				88BBD9EC2CD78C9300CA6A3D /* RPS_gameTests */,
			);
			name = RPS_gameTests;
			packageProductDependencies = (
			);
			productName = RPS_gameTests;
			productReference = 88BBD9E92CD78C9300CA6A3D /* RPS_gameTests.xctest */;
			productType = "com.apple.product-type.bundle.unit-test";
		};
		88BBD9F22CD78C9300CA6A3D /* RPS_gameUITests */ = {
			isa = PBXNativeTarget;
			buildConfigurationList = 88BBDA032CD78C9300CA6A3D /* Build configuration list for PBXNativeTarget "RPS_gameUITests" */;
			buildPhases = (
				88BBD9EF2CD78C9300CA6A3D /* Sources */,
				88BBD9F02CD78C9300CA6A3D /* Frameworks */,
				88BBD9F12CD78C9300CA6A3D /* Resources */,
			);
			buildRules = (
			);
			dependencies = (
				88BBD9F52CD78C9300CA6A3D /* PBXTargetDependency */,
			);
			fileSystemSynchronizedGroups = (
				88BBD9F62CD78C9300CA6A3D /* RPS_gameUITests */,
			);
			name = RPS_gameUITests;
			packageProductDependencies = (
			);
			productName = RPS_gameUITests;
			productReference = 88BBD9F32CD78C9300CA6A3D /* RPS_gameUITests.xctest */;
			productType = "com.apple.product-type.bundle.ui-testing";
		};
/* End PBXNativeTarget section */

/* Begin PBXProject section */
		88BBD9D12CD78C9000CA6A3D /* Project object */ = {
			isa = PBXProject;
			attributes = {
				BuildIndependentTargetsInParallel = 1;
				LastSwiftUpdateCheck = 1610;
				LastUpgradeCheck = 1610;
				TargetAttributes = {
					88BBD9D82CD78C9000CA6A3D = {
						CreatedOnToolsVersion = 16.1;
					};
					88BBD9E82CD78C9300CA6A3D = {
						CreatedOnToolsVersion = 16.1;
						TestTargetID = 88BBD9D82CD78C9000CA6A3D;
					};
					88BBD9F22CD78C9300CA6A3D = {
						CreatedOnToolsVersion = 16.1;
						TestTargetID = 88BBD9D82CD78C9000CA6A3D;
					};
				};
			};
			buildConfigurationList = 88BBD9D42CD78C9000CA6A3D /* Build configuration list for PBXProject "RPS_game" */;
			developmentRegion = en;
			hasScannedForEncodings = 0;
			knownRegions = (
				en,
				Base,
			);
			mainGroup = 88BBD9D02CD78C9000CA6A3D;
			minimizedProjectReferenceProxies = 1;
			preferredProjectObjectVersion = 77;
			productRefGroup = 88BBD9DA2CD78C9000CA6A3D /* Products */;
			projectDirPath = "";
			projectRoot = "";
			targets = (
				88BBD9D82CD78C9000CA6A3D /* RPS_game */,
				88BBD9E82CD78C9300CA6A3D /* RPS_gameTests */,
				88BBD9F22CD78C9300CA6A3D /* RPS_gameUITests */,
			);
		};
/* End PBXProject section */

/* Begin PBXResourcesBuildPhase section */
		88BBD9D72CD78C9000CA6A3D /* Resources */ = {
			isa = PBXResourcesBuildPhase;
			buildActionMask = 2147483647;
			files = (
			);
			runOnlyForDeploymentPostprocessing = 0;
		};
		88BBD9E72CD78C9300CA6A3D /* Resources */ = {
			isa = PBXResourcesBuildPhase;
			buildActionMask = 2147483647;
			files = (
			);
			runOnlyForDeploymentPostprocessing = 0;
		};
		88BBD9F12CD78C9300CA6A3D /* Resources */ = {
			isa = PBXResourcesBuildPhase;
			buildActionMask = 2147483647;
			files = (
			);
			runOnlyForDeploymentPostprocessing = 0;
		};
/* End PBXResourcesBuildPhase section */

/* Begin PBXSourcesBuildPhase section */
		88BBD9D52CD78C9000CA6A3D /* Sources */ = {
			isa = PBXSourcesBuildPhase;
			buildActionMask = 2147483647;
			files = (
			);
			runOnlyForDeploymentPostprocessing = 0;
		};
		88BBD9E52CD78C9300CA6A3D /* Sources */ = {
			isa = PBXSourcesBuildPhase;
			buildActionMask = 2147483647;
			files = (
			);
			runOnlyForDeploymentPostprocessing = 0;
		};
		88BBD9EF2CD78C9300CA6A3D /* Sources */ = {
			isa = PBXSourcesBuildPhase;
			buildActionMask = 2147483647;
			files = (
			);
			runOnlyForDeploymentPostprocessing = 0;
		};
/* End PBXSourcesBuildPhase section */

/* Begin PBXTargetDependency section */
		88BBD9EB2CD78C9300CA6A3D /* PBXTargetDependency */ = {
			isa = PBXTargetDependency;
			target = 88BBD9D82CD78C9000CA6A3D /* RPS_game */;
			targetProxy = 88BBD9EA2CD78C9300CA6A3D /* PBXContainerItemProxy */;
		};
		88BBD9F52CD78C9300CA6A3D /* PBXTargetDependency */ = {
			isa = PBXTargetDependency;
			target = 88BBD9D82CD78C9000CA6A3D /* RPS_game */;
			targetProxy = 88BBD9F42CD78C9300CA6A3D /* PBXContainerItemProxy */;
		};
/* End PBXTargetDependency section */

/* Begin XCBuildConfiguration section */
		88BBD9FB2CD78C9300CA6A3D /* Debug */ = {
			isa = XCBuildConfiguration;
			buildSettings = {
				ALWAYS_SEARCH_USER_PATHS = NO;
				ASSETCATALOG_COMPILER_GENERATE_SWIFT_ASSET_SYMBOL_EXTENSIONS = YES;
				CLANG_ANALYZER_NONNULL = YES;
				CLANG_ANALYZER_NUMBER_OBJECT_CONVERSION = YES_AGGRESSIVE;
				CLANG_CXX_LANGUAGE_STANDARD = "gnu++20";
				CLANG_ENABLE_MODULES = YES;
				CLANG_ENABLE_OBJC_ARC = YES;
				CLANG_ENABLE_OBJC_WEAK = YES;
				CLANG_WARN_BLOCK_CAPTURE_AUTORELEASING = YES;
				CLANG_WARN_BOOL_CONVERSION = YES;
				CLANG_WARN_COMMA = YES;
				CLANG_WARN_CONSTANT_CONVERSION = YES;
				CLANG_WARN_DEPRECATED_OBJC_IMPLEMENTATIONS = YES;
				CLANG_WARN_DIRECT_OBJC_ISA_USAGE = YES_ERROR;
				CLANG_WARN_DOCUMENTATION_COMMENTS = YES;
				CLANG_WARN_EMPTY_BODY = YES;
				CLANG_WARN_ENUM_CONVERSION = YES;
				CLANG_WARN_INFINITE_RECURSION = YES;
				CLANG_WARN_INT_CONVERSION = YES;
				CLANG_WARN_NON_LITERAL_NULL_CONVERSION = YES;
				CLANG_WARN_OBJC_IMPLICIT_RETAIN_SELF = YES;
				CLANG_WARN_OBJC_LITERAL_CONVERSION = YES;
				CLANG_WARN_OBJC_ROOT_CLASS = YES_ERROR;
				CLANG_WARN_QUOTED_INCLUDE_IN_FRAMEWORK_HEADER = YES;
				CLANG_WARN_RANGE_LOOP_ANALYSIS = YES;
				CLANG_WARN_STRICT_PROTOTYPES = YES;
				CLANG_WARN_SUSPICIOUS_MOVE = YES;
				CLANG_WARN_UNGUARDED_AVAILABILITY = YES_AGGRESSIVE;
				CLANG_WARN_UNREACHABLE_CODE = YES;
				CLANG_WARN__DUPLICATE_METHOD_MATCH = YES;
				COPY_PHASE_STRIP = NO;
				DEBUG_INFORMATION_FORMAT = dwarf;
				ENABLE_STRICT_OBJC_MSGSEND = YES;
				ENABLE_TESTABILITY = YES;
				ENABLE_USER_SCRIPT_SANDBOXING = YES;
				GCC_C_LANGUAGE_STANDARD = gnu17;
				GCC_DYNAMIC_NO_PIC = NO;
				GCC_NO_COMMON_BLOCKS = YES;
				GCC_OPTIMIZATION_LEVEL = 0;
				GCC_PREPROCESSOR_DEFINITIONS = (
					"DEBUG=1",
					"$(inherited)",
				);
				GCC_WARN_64_TO_32_BIT_CONVERSION = YES;
				GCC_WARN_ABOUT_RETURN_TYPE = YES_ERROR;
				GCC_WARN_UNDECLARED_SELECTOR = YES;
				GCC_WARN_UNINITIALIZED_AUTOS = YES_AGGRESSIVE;
				GCC_WARN_UNUSED_FUNCTION = YES;
				GCC_WARN_UNUSED_VARIABLE = YES;
				IPHONEOS_DEPLOYMENT_TARGET = 18.1;
				LOCALIZATION_PREFERS_STRING_CATALOGS = YES;
				MTL_ENABLE_DEBUG_INFO = INCLUDE_SOURCE;
				MTL_FAST_MATH = YES;
				ONLY_ACTIVE_ARCH = YES;
				SDKROOT = iphoneos;
				SWIFT_ACTIVE_COMPILATION_CONDITIONS = "DEBUG $(inherited)";
				SWIFT_OPTIMIZATION_LEVEL = "-Onone";
			};
			name = Debug;
		};
		88BBD9FC2CD78C9300CA6A3D /* Release */ = {
			isa = XCBuildConfiguration;
			buildSettings = {
				ALWAYS_SEARCH_USER_PATHS = NO;
				ASSETCATALOG_COMPILER_GENERATE_SWIFT_ASSET_SYMBOL_EXTENSIONS = YES;
				CLANG_ANALYZER_NONNULL = YES;
				CLANG_ANALYZER_NUMBER_OBJECT_CONVERSION = YES_AGGRESSIVE;
				CLANG_CXX_LANGUAGE_STANDARD = "gnu++20";
				CLANG_ENABLE_MODULES = YES;
				CLANG_ENABLE_OBJC_ARC = YES;
				CLANG_ENABLE_OBJC_WEAK = YES;
				CLANG_WARN_BLOCK_CAPTURE_AUTORELEASING = YES;
				CLANG_WARN_BOOL_CONVERSION = YES;
				CLANG_WARN_COMMA = YES;
				CLANG_WARN_CONSTANT_CONVERSION = YES;
				CLANG_WARN_DEPRECATED_OBJC_IMPLEMENTATIONS = YES;
				CLANG_WARN_DIRECT_OBJC_ISA_USAGE = YES_ERROR;
				CLANG_WARN_DOCUMENTATION_COMMENTS = YES;
				CLANG_WARN_EMPTY_BODY = YES;
				CLANG_WARN_ENUM_CONVERSION = YES;
				CLANG_WARN_INFINITE_RECURSION = YES;
				CLANG_WARN_INT_CONVERSION = YES;
				CLANG_WARN_NON_LITERAL_NULL_CONVERSION = YES;
				CLANG_WARN_OBJC_IMPLICIT_RETAIN_SELF = YES;
				CLANG_WARN_OBJC_LITERAL_CONVERSION = YES;
				CLANG_WARN_OBJC_ROOT_CLASS = YES_ERROR;
				CLANG_WARN_QUOTED_INCLUDE_IN_FRAMEWORK_HEADER = YES;
				CLANG_WARN_RANGE_LOOP_ANALYSIS = YES;
				CLANG_WARN_STRICT_PROTOTYPES = YES;
				CLANG_WARN_SUSPICIOUS_MOVE = YES;
				CLANG_WARN_UNGUARDED_AVAILABILITY = YES_AGGRESSIVE;
				CLANG_WARN_UNREACHABLE_CODE = YES;
				CLANG_WARN__DUPLICATE_METHOD_MATCH = YES;
				COPY_PHASE_STRIP = NO;
				DEBUG_INFORMATION_FORMAT = "dwarf-with-dsym";
				ENABLE_NS_ASSERTIONS = NO;
				ENABLE_STRICT_OBJC_MSGSEND = YES;
				ENABLE_USER_SCRIPT_SANDBOXING = YES;
				GCC_C_LANGUAGE_STANDARD = gnu17;
				GCC_NO_COMMON_BLOCKS = YES;
				GCC_WARN_64_TO_32_BIT_CONVERSION = YES;
				GCC_WARN_ABOUT_RETURN_TYPE = YES_ERROR;
				GCC_WARN_UNDECLARED_SELECTOR = YES;
				GCC_WARN_UNINITIALIZED_AUTOS = YES_AGGRESSIVE;
				GCC_WARN_UNUSED_FUNCTION = YES;
				GCC_WARN_UNUSED_VARIABLE = YES;
				IPHONEOS_DEPLOYMENT_TARGET = 18.1;
				LOCALIZATION_PREFERS_STRING_CATALOGS = YES;
				MTL_ENABLE_DEBUG_INFO = NO;
				MTL_FAST_MATH = YES;
				SDKROOT = iphoneos;
				SWIFT_COMPILATION_MODE = wholemodule;
				VALIDATE_PRODUCT = YES;
			};
			name = Release;
		};
		88BBD9FE2CD78C9300CA6A3D /* Debug */ = {
			isa = XCBuildConfiguration;
			buildSettings = {
				ASSETCATALOG_COMPILER_APPICON_NAME = AppIcon;
				ASSETCATALOG_COMPILER_GLOBAL_ACCENT_COLOR_NAME = AccentColor;
				CODE_SIGN_STYLE = Automatic;
				CURRENT_PROJECT_VERSION = 1;
				DEVELOPMENT_ASSET_PATHS = "\"RPS_game/Preview Content\"";
				ENABLE_PREVIEWS = YES;
				GENERATE_INFOPLIST_FILE = YES;
				INFOPLIST_KEY_UIApplicationSceneManifest_Generation = YES;
				INFOPLIST_KEY_UIApplicationSupportsIndirectInputEvents = YES;
				INFOPLIST_KEY_UILaunchScreen_Generation = YES;
				INFOPLIST_KEY_UISupportedInterfaceOrientations_iPad = "UIInterfaceOrientationPortrait UIInterfaceOrientationPortraitUpsideDown UIInterfaceOrientationLandscapeLeft UIInterfaceOrientationLandscapeRight";
				INFOPLIST_KEY_UISupportedInterfaceOrientations_iPhone = "UIInterfaceOrientationPortrait UIInterfaceOrientationLandscapeLeft UIInterfaceOrientationLandscapeRight";
				LD_RUNPATH_SEARCH_PATHS = (
					"$(inherited)",
					"@executable_path/Frameworks",
				);
				MARKETING_VERSION = 1.0;
				PRODUCT_BUNDLE_IDENTIFIER = "me.borisenko.daniil.RPS-game";
				PRODUCT_NAME = "$(TARGET_NAME)";
				SWIFT_EMIT_LOC_STRINGS = YES;
				SWIFT_VERSION = 5.0;
				TARGETED_DEVICE_FAMILY = "1,2";
			};
			name = Debug;
		};
		88BBD9FF2CD78C9300CA6A3D /* Release */ = {
			isa = XCBuildConfiguration;
			buildSettings = {
				ASSETCATALOG_COMPILER_APPICON_NAME = AppIcon;
				ASSETCATALOG_COMPILER_GLOBAL_ACCENT_COLOR_NAME = AccentColor;
				CODE_SIGN_STYLE = Automatic;
				CURRENT_PROJECT_VERSION = 1;
				DEVELOPMENT_ASSET_PATHS = "\"RPS_game/Preview Content\"";
				ENABLE_PREVIEWS = YES;
				GENERATE_INFOPLIST_FILE = YES;
				INFOPLIST_KEY_UIApplicationSceneManifest_Generation = YES;
				INFOPLIST_KEY_UIApplicationSupportsIndirectInputEvents = YES;
				INFOPLIST_KEY_UILaunchScreen_Generation = YES;
				INFOPLIST_KEY_UISupportedInterfaceOrientations_iPad = "UIInterfaceOrientationPortrait UIInterfaceOrientationPortraitUpsideDown UIInterfaceOrientationLandscapeLeft UIInterfaceOrientationLandscapeRight";
				INFOPLIST_KEY_UISupportedInterfaceOrientations_iPhone = "UIInterfaceOrientationPortrait UIInterfaceOrientationLandscapeLeft UIInterfaceOrientationLandscapeRight";
				LD_RUNPATH_SEARCH_PATHS = (
					"$(inherited)",
					"@executable_path/Frameworks",
				);
				MARKETING_VERSION = 1.0;
				PRODUCT_BUNDLE_IDENTIFIER = "me.borisenko.daniil.RPS-game";
				PRODUCT_NAME = "$(TARGET_NAME)";
				SWIFT_EMIT_LOC_STRINGS = YES;
				SWIFT_VERSION = 5.0;
				TARGETED_DEVICE_FAMILY = "1,2";
			};
			name = Release;
		};
		88BBDA012CD78C9300CA6A3D /* Debug */ = {
			isa = XCBuildConfiguration;
			buildSettings = {
				BUNDLE_LOADER = "$(TEST_HOST)";
				CODE_SIGN_STYLE = Automatic;
				CURRENT_PROJECT_VERSION = 1;
				GENERATE_INFOPLIST_FILE = YES;
				IPHONEOS_DEPLOYMENT_TARGET = 18.1;
				MARKETING_VERSION = 1.0;
				PRODUCT_BUNDLE_IDENTIFIER = "me.borisenko.daniil.RPS-gameTests";
				PRODUCT_NAME = "$(TARGET_NAME)";
				SWIFT_EMIT_LOC_STRINGS = NO;
				SWIFT_VERSION = 5.0;
				TARGETED_DEVICE_FAMILY = "1,2";
				TEST_HOST = "$(BUILT_PRODUCTS_DIR)/RPS_game.app/$(BUNDLE_EXECUTABLE_FOLDER_PATH)/RPS_game";
			};
			name = Debug;
		};
		88BBDA022CD78C9300CA6A3D /* Release */ = {
			isa = XCBuildConfiguration;
			buildSettings = {
				BUNDLE_LOADER = "$(TEST_HOST)";
				CODE_SIGN_STYLE = Automatic;
				CURRENT_PROJECT_VERSION = 1;
				GENERATE_INFOPLIST_FILE = YES;
				IPHONEOS_DEPLOYMENT_TARGET = 18.1;
				MARKETING_VERSION = 1.0;
				PRODUCT_BUNDLE_IDENTIFIER = "me.borisenko.daniil.RPS-gameTests";
				PRODUCT_NAME = "$(TARGET_NAME)";
				SWIFT_EMIT_LOC_STRINGS = NO;
				SWIFT_VERSION = 5.0;
				TARGETED_DEVICE_FAMILY = "1,2";
				TEST_HOST = "$(BUILT_PRODUCTS_DIR)/RPS_game.app/$(BUNDLE_EXECUTABLE_FOLDER_PATH)/RPS_game";
			};
			name = Release;
		};
		88BBDA042CD78C9300CA6A3D /* Debug */ = {
			isa = XCBuildConfiguration;
			buildSettings = {
				CODE_SIGN_STYLE = Automatic;
				CURRENT_PROJECT_VERSION = 1;
				GENERATE_INFOPLIST_FILE = YES;
				MARKETING_VERSION = 1.0;
				PRODUCT_BUNDLE_IDENTIFIER = "me.borisenko.daniil.RPS-gameUITests";
				PRODUCT_NAME = "$(TARGET_NAME)";
				SWIFT_EMIT_LOC_STRINGS = NO;
				SWIFT_VERSION = 5.0;
				TARGETED_DEVICE_FAMILY = "1,2";
				TEST_TARGET_NAME = RPS_game;
			};
			name = Debug;
		};
		88BBDA052CD78C9300CA6A3D /* Release */ = {
			isa = XCBuildConfiguration;
			buildSettings = {
				CODE_SIGN_STYLE = Automatic;
				CURRENT_PROJECT_VERSION = 1;
				GENERATE_INFOPLIST_FILE = YES;
				MARKETING_VERSION = 1.0;
				PRODUCT_BUNDLE_IDENTIFIER = "me.borisenko.daniil.RPS-gameUITests";
				PRODUCT_NAME = "$(TARGET_NAME)";
				SWIFT_EMIT_LOC_STRINGS = NO;
				SWIFT_VERSION = 5.0;
				TARGETED_DEVICE_FAMILY = "1,2";
				TEST_TARGET_NAME = RPS_game;
			};
			name = Release;
		};
/* End XCBuildConfiguration section */

/* Begin XCConfigurationList section */
		88BBD9D42CD78C9000CA6A3D /* Build configuration list for PBXProject "RPS_game" */ = {
			isa = XCConfigurationList;
			buildConfigurations = (
				88BBD9FB2CD78C9300CA6A3D /* Debug */,
				88BBD9FC2CD78C9300CA6A3D /* Release */,
			);
			defaultConfigurationIsVisible = 0;
			defaultConfigurationName = Release;
		};
		88BBD9FD2CD78C9300CA6A3D /* Build configuration list for PBXNativeTarget "RPS_game" */ = {
			isa = XCConfigurationList;
			buildConfigurations = (
				88BBD9FE2CD78C9300CA6A3D /* Debug */,
				88BBD9FF2CD78C9300CA6A3D /* Release */,
			);
			defaultConfigurationIsVisible = 0;
			defaultConfigurationName = Release;
		};
		88BBDA002CD78C9300CA6A3D /* Build configuration list for PBXNativeTarget "RPS_gameTests" */ = {
			isa = XCConfigurationList;
			buildConfigurations = (
				88BBDA012CD78C9300CA6A3D /* Debug */,
				88BBDA022CD78C9300CA6A3D /* Release */,
			);
			defaultConfigurationIsVisible = 0;
			defaultConfigurationName = Release;
		};
		88BBDA032CD78C9300CA6A3D /* Build configuration list for PBXNativeTarget "RPS_gameUITests" */ = {
			isa = XCConfigurationList;
			buildConfigurations = (
				88BBDA042CD78C9300CA6A3D /* Debug */,
				88BBDA052CD78C9300CA6A3D /* Release */,
			);
			defaultConfigurationIsVisible = 0;
			defaultConfigurationName = Release;
		};
/* End XCConfigurationList section */
	};
	rootObject = 88BBD9D12CD78C9000CA6A3D /* Project object */;
}
